
Microsoft Visual Studio Solution File, Format Version 12.00
# Visual Studio 14
VisualStudioVersion = 14.0.25123.0
MinimumVisualStudioVersion = 10.0.40219.1
Project("{FAE04EC0-301F-11D3-BF4B-00C04F79EFBC}") = "GraphicEditor", "GraphicEditor\GraphicEditor.csproj", "{559865D5-EC53-41C8-9262-8077AEA3548B}"
EndProject
Project("{FAE04EC0-301F-11D3-BF4B-00C04F79EFBC}") = "Figures.BL", "Figures.BL\Figures.BL.csproj", "{6E00C3EA-18B4-441E-84E9-FBE124992B10}"
EndProject
Global
	GlobalSection(SolutionConfigurationPlatforms) = preSolution
		Debug|Any CPU = Debug|Any CPU
		Release|Any CPU = Release|Any CPU
	EndGlobalSection
	GlobalSection(ProjectConfigurationPlatforms) = postSolution
		{559865D5-EC53-41C8-9262-8077AEA3548B}.Debug|Any CPU.ActiveCfg = Debug|Any CPU
		{559865D5-EC53-41C8-9262-8077AEA3548B}.Debug|Any CPU.Build.0 = Debug|Any CPU
		{559865D5-EC53-41C8-9262-8077AEA3548B}.Release|Any CPU.ActiveCfg = Release|Any CPU
		{559865D5-EC53-41C8-9262-8077AEA3548B}.Release|Any CPU.Build.0 = Release|Any CPU
		{6E00C3EA-18B4-441E-84E9-FBE124992B10}.Debug|Any CPU.ActiveCfg = Debug|Any CPU
		{6E00C3EA-18B4-441E-84E9-FBE124992B10}.Debug|Any CPU.Build.0 = Debug|Any CPU
		{6E00C3EA-18B4-441E-84E9-FBE124992B10}.Release|Any CPU.ActiveCfg = Release|Any CPU
		{6E00C3EA-18B4-441E-84E9-FBE124992B10}.Release|Any CPU.Build.0 = Release|Any CPU
	EndGlobalSection
	GlobalSection(SolutionProperties) = preSolution
		HideSolutionNode = FALSE
	EndGlobalSection
EndGlobal
